
Microsoft Visual Studio Solution File, Format Version 12.00
# Visual Studio Version 16
VisualStudioVersion = 16.0.29709.97
MinimumVisualStudioVersion = 10.0.40219.1
Project("{FAE04EC0-301F-11D3-BF4B-00C04F79EFBC}") = "Website", "Website\Website.csproj", "{061831EC-2A93-474D-9411-E111E1A6D887}"
EndProject
Global
	GlobalSection(SolutionConfigurationPlatforms) = preSolution
		Debug|Any CPU = Debug|Any CPU
		Release|Any CPU = Release|Any CPU
	EndGlobalSection
	GlobalSection(ProjectConfigurationPlatforms) = postSolution
		{061831EC-2A93-474D-9411-E111E1A6D887}.Debug|Any CPU.ActiveCfg = Debug|Any CPU
		{061831EC-2A93-474D-9411-E111E1A6D887}.Debug|Any CPU.Build.0 = Debug|Any CPU
		{061831EC-2A93-474D-9411-E111E1A6D887}.Release|Any CPU.ActiveCfg = Release|Any CPU
		{061831EC-2A93-474D-9411-E111E1A6D887}.Release|Any CPU.Build.0 = Release|Any CPU
	EndGlobalSection
	GlobalSection(SolutionProperties) = preSolution
		HideSolutionNode = FALSE
	EndGlobalSection
	GlobalSection(ExtensibilityGlobals) = postSolution
		SolutionGuid = {A8FECD73-07F3-42A0-920D-CA23297DA564}
	EndGlobalSection
EndGlobal
